PODS:
  - blue_thermal_printer (0.0.1):
    - Flutter
  - Flutter (1.0.0)
  - whatsapp_share2 (0.0.1):
    - Flutter

DEPENDENCIES:
  - blue_thermal_printer (from `.symlinks/plugins/blue_thermal_printer/ios`)
  - Flutter (from `Flutter`)
  - whatsapp_share2 (from `.symlinks/plugins/whatsapp_share2/ios`)

EXTERNAL SOURCES:
  blue_thermal_printer:
    :path: ".symlinks/plugins/blue_thermal_printer/ios"
  Flutter:
    :path: Flutter
  whatsapp_share2:
    :path: ".symlinks/plugins/whatsapp_share2/ios"

SPEC CHECKSUMS:
  blue_thermal_printer: d859595ae87fd0d2317a7f023d32551db13775df
  Flutter: cabc95a1d2626b1b06e7179b784ebcf0c0cde467
  whatsapp_share2: a70a28349ab788c894cf569684ba4c0f93857a02

PODFILE CHECKSUM: 1857a7cdb7dfafe45f2b0e9a9af44644190f7506

COCOAPODS: 1.16.2
